
Microsoft Visual Studio Solution File, Format Version 12.00
# Visual Studio 2012
Project("{FAE04EC0-301F-11D3-BF4B-00C04F79EFBC}") = "proiectBaze", "proiectBaze\proiectBaze.csproj", "{C76C9B96-C25D-4F88-9D5F-D6C89ED41DB6}"
EndProject
Project("{FAE04EC0-301F-11D3-BF4B-00C04F79EFBC}") = "BusinessLayer", "BusinessLayer\BusinessLayer.csproj", "{56B2DC40-D27D-4ACC-AAC6-D1AFD43AA50D}"
EndProject
Project("{FAE04EC0-301F-11D3-BF4B-00C04F79EFBC}") = "DataLayer", "DataLayer\DataLayer.csproj", "{BDD71E9D-AA85-41D0-A3A7-E471149B225C}"
EndProject
Global
	GlobalSection(SolutionConfigurationPlatforms) = preSolution
		Debug|Any CPU = Debug|Any CPU
		Release|Any CPU = Release|Any CPU
	EndGlobalSection
	GlobalSection(ProjectConfigurationPlatforms) = postSolution
		{C76C9B96-C25D-4F88-9D5F-D6C89ED41DB6}.Debug|Any CPU.ActiveCfg = Debug|Any CPU
		{C76C9B96-C25D-4F88-9D5F-D6C89ED41DB6}.Debug|Any CPU.Build.0 = Debug|Any CPU
		{C76C9B96-C25D-4F88-9D5F-D6C89ED41DB6}.Release|Any CPU.ActiveCfg = Release|Any CPU
		{C76C9B96-C25D-4F88-9D5F-D6C89ED41DB6}.Release|Any CPU.Build.0 = Release|Any CPU
		{56B2DC40-D27D-4ACC-AAC6-D1AFD43AA50D}.Debug|Any CPU.ActiveCfg = Debug|Any CPU
		{56B2DC40-D27D-4ACC-AAC6-D1AFD43AA50D}.Debug|Any CPU.Build.0 = Debug|Any CPU
		{56B2DC40-D27D-4ACC-AAC6-D1AFD43AA50D}.Release|Any CPU.ActiveCfg = Release|Any CPU
		{56B2DC40-D27D-4ACC-AAC6-D1AFD43AA50D}.Release|Any CPU.Build.0 = Release|Any CPU
		{BDD71E9D-AA85-41D0-A3A7-E471149B225C}.Debug|Any CPU.ActiveCfg = Debug|Any CPU
		{BDD71E9D-AA85-41D0-A3A7-E471149B225C}.Debug|Any CPU.Build.0 = Debug|Any CPU
		{BDD71E9D-AA85-41D0-A3A7-E471149B225C}.Release|Any CPU.ActiveCfg = Release|Any CPU
		{BDD71E9D-AA85-41D0-A3A7-E471149B225C}.Release|Any CPU.Build.0 = Release|Any CPU
	EndGlobalSection
	GlobalSection(SolutionProperties) = preSolution
		HideSolutionNode = FALSE
	EndGlobalSection
EndGlobal
